
Microsoft Visual Studio Solution File, Format Version 12.00
# Visual Studio Version 17
VisualStudioVersion = 17.13.35818.85 d17.13
MinimumVisualStudioVersion = 10.0.40219.1
Project("{FAE04EC0-301F-11D3-BF4B-00C04F79EFBC}") = "TemperatureConversionService", "TemperatureConversionService\TemperatureConversionService.csproj", "{041C3156-7781-491E-B0F1-2A52F82599A5}"
EndProject
Global
	GlobalSection(SolutionConfigurationPlatforms) = preSolution
		Debug|Any CPU = Debug|Any CPU
		Release|Any CPU = Release|Any CPU
	EndGlobalSection
	GlobalSection(ProjectConfigurationPlatforms) = postSolution
		{041C3156-7781-491E-B0F1-2A52F82599A5}.Debug|Any CPU.ActiveCfg = Debug|Any CPU
		{041C3156-7781-491E-B0F1-2A52F82599A5}.Debug|Any CPU.Build.0 = Debug|Any CPU
		{041C3156-7781-491E-B0F1-2A52F82599A5}.Release|Any CPU.ActiveCfg = Release|Any CPU
		{041C3156-7781-491E-B0F1-2A52F82599A5}.Release|Any CPU.Build.0 = Release|Any CPU
	EndGlobalSection
	GlobalSection(SolutionProperties) = preSolution
		HideSolutionNode = FALSE
	EndGlobalSection
	GlobalSection(ExtensibilityGlobals) = postSolution
		SolutionGuid = {972701EB-C3DB-4C2C-BC3F-83A2DC1C9FE2}
	EndGlobalSection
EndGlobal
